version: 1
updated_at: "2026-08-19"
forks:
  - repository: "19Chris19/mcp-server-12306"
    upstream: "drfccv/mcp-server-12306"
    revision: "1b6ee94ff801cbfe0c1e8c8bb95195466b08b6dd"
  - repository: "19Chris19/amap-lbs-skill"
    upstream: "AMap-Web/amap-lbs-skill"
    revision: "cc418173bed7eaad7f40b67a46a09fce69be84eb"
  - repository: "19Chris19/flyai-skill"
    upstream: "alibaba-flyai/flyai-skill"
    revision: "54277b27b68e53741954c08541faedba1d45cc7b"
  - repository: "19Chris19/universal-travel-planner-skill"
    upstream: "chaoliuzhu65-tech/universal-travel-planner-skill"
    revision: "e870ae2aa26d9991690386f46976b07a363c981b"
  - repository: "19Chris19/x-cli"
    upstream: "better-world-ai/x-cli"
    revision: "68829b1cb68d65d13a06190e2567cdc1308a6ad5"
  - repository: "19Chris19/ego-lite"
    upstream: "citrolabs/ego-lite"
    revision: "c46a439e7fbad90ad33dbea6c6af329b6009809f"
packages:
  - name: "@fly-ai/flyai-cli"
    version: "1.0.16"
    license: "MIT"
  - name: "@variflight-ai/variflight-mcp"
    version: "1.0.3"
    registry_license: "ISC"
    repository_license_file: "missing"
references:
  - repository: "https://github.com/oil-oil/beautify-github-readme"
    revision: "55bdb1c05414cd7a0cf911d02e55ece79777206e"
    license: "MIT"
    relationship: "inspired_by"
    use: "README visual hierarchy and maintainable local asset guidance; no source copied"
